
Microsoft Visual Studio Solution File, Format Version 12.00
# Visual Studio Version 17
VisualStudioVersion = 17.4.33403.182
MinimumVisualStudioVersion = 10.0.40219.1
Project("{FAE04EC0-301F-11D3-BF4B-00C04F79EFBC}") = "eCommerce", "eCommerce.csproj", "{8F8A6F80-148E-4C63-8FF5-4C0ABE18BBAA}"
EndProject
Global
	GlobalSection(SolutionConfigurationPlatforms) = preSolution
		Debug|Any CPU = Debug|Any CPU
		Release|Any CPU = Release|Any CPU
	EndGlobalSection
	GlobalSection(ProjectConfigurationPlatforms) = postSolution
		{8F8A6F80-148E-4C63-8FF5-4C0ABE18BBAA}.Debug|Any CPU.ActiveCfg = Debug|Any CPU
		{8F8A6F80-148E-4C63-8FF5-4C0ABE18BBAA}.Debug|Any CPU.Build.0 = Debug|Any CPU
		{8F8A6F80-148E-4C63-8FF5-4C0ABE18BBAA}.Release|Any CPU.ActiveCfg = Release|Any CPU
		{8F8A6F80-148E-4C63-8FF5-4C0ABE18BBAA}.Release|Any CPU.Build.0 = Release|Any CPU
	EndGlobalSection
	GlobalSection(SolutionProperties) = preSolution
		HideSolutionNode = FALSE
	EndGlobalSection
	GlobalSection(ExtensibilityGlobals) = postSolution
		SolutionGuid = {3A12E2B9-C22F-4EF7-858F-6738EE1246E4}
	EndGlobalSection
EndGlobal
